
Microsoft Visual Studio Solution File, Format Version 12.00
# Visual Studio 15
VisualStudioVersion = 15.0.28010.2041
MinimumVisualStudioVersion = 10.0.40219.1
Project("{FAE04EC0-301F-11D3-BF4B-00C04F79EFBC}") = "BettingCompany", "BettingCompany\BettingCompany.csproj", "{2855C1CF-DA2A-4059-86F7-8239DE4A63D1}"
EndProject
Global
	GlobalSection(SolutionConfigurationPlatforms) = preSolution
		Debug|Any CPU = Debug|Any CPU
		Release|Any CPU = Release|Any CPU
	EndGlobalSection
	GlobalSection(ProjectConfigurationPlatforms) = postSolution
		{2855C1CF-DA2A-4059-86F7-8239DE4A63D1}.Debug|Any CPU.ActiveCfg = Debug|Any CPU
		{2855C1CF-DA2A-4059-86F7-8239DE4A63D1}.Debug|Any CPU.Build.0 = Debug|Any CPU
		{2855C1CF-DA2A-4059-86F7-8239DE4A63D1}.Release|Any CPU.ActiveCfg = Release|Any CPU
		{2855C1CF-DA2A-4059-86F7-8239DE4A63D1}.Release|Any CPU.Build.0 = Release|Any CPU
	EndGlobalSection
	GlobalSection(SolutionProperties) = preSolution
		HideSolutionNode = FALSE
	EndGlobalSection
	GlobalSection(ExtensibilityGlobals) = postSolution
		SolutionGuid = {5107E9B3-D480-4449-8CB5-4B9374DCD7B8}
	EndGlobalSection
EndGlobal
